
Microsoft Visual Studio Solution File, Format Version 12.00
# Visual Studio Version 16
VisualStudioVersion = 16.0.29728.190
MinimumVisualStudioVersion = 10.0.40219.1
Project("{FAE04EC0-301F-11D3-BF4B-00C04F79EFBC}") = "Computer UdlaanRegistrering", "Computer UdlaanRegistrering\Computer UdlaanRegistrering.csproj", "{CCB68F2D-0794-4044-838C-D3BA7322E38A}"
EndProject
Global
	GlobalSection(SolutionConfigurationPlatforms) = preSolution
		Debug|Any CPU = Debug|Any CPU
		Release|Any CPU = Release|Any CPU
	EndGlobalSection
	GlobalSection(ProjectConfigurationPlatforms) = postSolution
		{CCB68F2D-0794-4044-838C-D3BA7322E38A}.Debug|Any CPU.ActiveCfg = Debug|Any CPU
		{CCB68F2D-0794-4044-838C-D3BA7322E38A}.Debug|Any CPU.Build.0 = Debug|Any CPU
		{CCB68F2D-0794-4044-838C-D3BA7322E38A}.Release|Any CPU.ActiveCfg = Release|Any CPU
		{CCB68F2D-0794-4044-838C-D3BA7322E38A}.Release|Any CPU.Build.0 = Release|Any CPU
	EndGlobalSection
	GlobalSection(SolutionProperties) = preSolution
		HideSolutionNode = FALSE
	EndGlobalSection
	GlobalSection(ExtensibilityGlobals) = postSolution
		SolutionGuid = {3DA5E8D5-4304-4AC3-AE05-6E1F309638B1}
	EndGlobalSection
EndGlobal
